
Microsoft Visual Studio Solution File, Format Version 12.00
# Visual Studio Version 17
VisualStudioVersion = 17.5.33502.453
MinimumVisualStudioVersion = 10.0.40219.1
Project("{9A19103F-16F7-4668-BE54-9A1E7A4F7556}") = "VehiclePhotography.App.WebUI", "VehiclePhotography.App.WebUI\VehiclePhotography.App.WebUI.csproj", "{C685E07B-9EC9-4255-B39D-24464AFB4F18}"
EndProject
Project("{FAE04EC0-301F-11D3-BF4B-00C04F79EFBC}") = "VehiclePhotography.App.ViewModels", "VehiclePhotography.App.ViewModels\VehiclePhotography.App.ViewModels.csproj", "{036595F3-71D2-4945-B945-558FB7ED3CFD}"
EndProject
Project("{FAE04EC0-301F-11D3-BF4B-00C04F79EFBC}") = "VehiclePhotography.App.Domain", "VehiclePhotography.App.Domain\VehiclePhotography.App.Domain.csproj", "{2005E153-ADCF-4208-B982-FC13AEF3D98A}"
EndProject
Project("{FAE04EC0-301F-11D3-BF4B-00C04F79EFBC}") = "VehiclePhotography.App.DAO", "VehiclePhotography.App.DAO\VehiclePhotography.App.DAO.csproj", "{DEF9C8A2-68E7-4390-BD2C-05C4CE451893}"
EndProject
Project("{FAE04EC0-301F-11D3-BF4B-00C04F79EFBC}") = "VehiclePhotography.Tests.DAO", "VehiclePhotography.Tests.DAO\VehiclePhotography.Tests.DAO.csproj", "{4DDC1DBA-1E1C-41EB-93AF-2498983A9A95}"
EndProject
Project("{FAE04EC0-301F-11D3-BF4B-00C04F79EFBC}") = "VehiclePhotography.Tests.Domain", "VehiclePhotography.Tests.Domain\VehiclePhotography.Tests.Domain.csproj", "{18146FE3-3F01-476E-81F1-99809B226429}"
EndProject
Global
	GlobalSection(SolutionConfigurationPlatforms) = preSolution
		Debug|Any CPU = Debug|Any CPU
		Debug|ARM64 = Debug|ARM64
		Debug|x64 = Debug|x64
		Debug|x86 = Debug|x86
		Release|Any CPU = Release|Any CPU
		Release|ARM64 = Release|ARM64
		Release|x64 = Release|x64
		Release|x86 = Release|x86
	EndGlobalSection
	GlobalSection(ProjectConfigurationPlatforms) = postSolution
		{C685E07B-9EC9-4255-B39D-24464AFB4F18}.Debug|Any CPU.ActiveCfg = Debug|x64
		{C685E07B-9EC9-4255-B39D-24464AFB4F18}.Debug|Any CPU.Build.0 = Debug|x64
		{C685E07B-9EC9-4255-B39D-24464AFB4F18}.Debug|Any CPU.Deploy.0 = Debug|x64
		{C685E07B-9EC9-4255-B39D-24464AFB4F18}.Debug|ARM64.ActiveCfg = Debug|ARM64
		{C685E07B-9EC9-4255-B39D-24464AFB4F18}.Debug|ARM64.Build.0 = Debug|ARM64
		{C685E07B-9EC9-4255-B39D-24464AFB4F18}.Debug|ARM64.Deploy.0 = Debug|ARM64
		{C685E07B-9EC9-4255-B39D-24464AFB4F18}.Debug|x64.ActiveCfg = Debug|x64
		{C685E07B-9EC9-4255-B39D-24464AFB4F18}.Debug|x64.Build.0 = Debug|x64
		{C685E07B-9EC9-4255-B39D-24464AFB4F18}.Debug|x64.Deploy.0 = Debug|x64
		{C685E07B-9EC9-4255-B39D-24464AFB4F18}.Debug|x86.ActiveCfg = Debug|x86
		{C685E07B-9EC9-4255-B39D-24464AFB4F18}.Debug|x86.Build.0 = Debug|x86
		{C685E07B-9EC9-4255-B39D-24464AFB4F18}.Debug|x86.Deploy.0 = Debug|x86
		{C685E07B-9EC9-4255-B39D-24464AFB4F18}.Release|Any CPU.ActiveCfg = Release|x64
		{C685E07B-9EC9-4255-B39D-24464AFB4F18}.Release|Any CPU.Build.0 = Release|x64
		{C685E07B-9EC9-4255-B39D-24464AFB4F18}.Release|Any CPU.Deploy.0 = Release|x64
		{C685E07B-9EC9-4255-B39D-24464AFB4F18}.Release|ARM64.ActiveCfg = Release|ARM64
		{C685E07B-9EC9-4255-B39D-24464AFB4F18}.Release|ARM64.Build.0 = Release|ARM64
		{C685E07B-9EC9-4255-B39D-24464AFB4F18}.Release|ARM64.Deploy.0 = Release|ARM64
		{C685E07B-9EC9-4255-B39D-24464AFB4F18}.Release|x64.ActiveCfg = Release|x64
		{C685E07B-9EC9-4255-B39D-24464AFB4F18}.Release|x64.Build.0 = Release|x64
		{C685E07B-9EC9-4255-B39D-24464AFB4F18}.Release|x64.Deploy.0 = Release|x64
		{C685E07B-9EC9-4255-B39D-24464AFB4F18}.Release|x86.ActiveCfg = Release|x86
		{C685E07B-9EC9-4255-B39D-24464AFB4F18}.Release|x86.Build.0 = Release|x86
		{C685E07B-9EC9-4255-B39D-24464AFB4F18}.Release|x86.Deploy.0 = Release|x86
		{036595F3-71D2-4945-B945-558FB7ED3CFD}.Debug|Any CPU.ActiveCfg = Debug|Any CPU
		{036595F3-71D2-4945-B945-558FB7ED3CFD}.Debug|Any CPU.Build.0 = Debug|Any CPU
		{036595F3-71D2-4945-B945-558FB7ED3CFD}.Debug|ARM64.ActiveCfg = Debug|Any CPU
		{036595F3-71D2-4945-B945-558FB7ED3CFD}.Debug|ARM64.Build.0 = Debug|Any CPU
		{036595F3-71D2-4945-B945-558FB7ED3CFD}.Debug|x64.ActiveCfg = Debug|Any CPU
		{036595F3-71D2-4945-B945-558FB7ED3CFD}.Debug|x64.Build.0 = Debug|Any CPU
		{036595F3-71D2-4945-B945-558FB7ED3CFD}.Debug|x86.ActiveCfg = Debug|Any CPU
		{036595F3-71D2-4945-B945-558FB7ED3CFD}.Debug|x86.Build.0 = Debug|Any CPU
		{036595F3-71D2-4945-B945-558FB7ED3CFD}.Release|Any CPU.ActiveCfg = Release|Any CPU
		{036595F3-71D2-4945-B945-558FB7ED3CFD}.Release|Any CPU.Build.0 = Release|Any CPU
		{036595F3-71D2-4945-B945-558FB7ED3CFD}.Release|ARM64.ActiveCfg = Release|Any CPU
		{036595F3-71D2-4945-B945-558FB7ED3CFD}.Release|ARM64.Build.0 = Release|Any CPU
		{036595F3-71D2-4945-B945-558FB7ED3CFD}.Release|x64.ActiveCfg = Release|Any CPU
		{036595F3-71D2-4945-B945-558FB7ED3CFD}.Release|x64.Build.0 = Release|Any CPU
		{036595F3-71D2-4945-B945-558FB7ED3CFD}.Release|x86.ActiveCfg = Release|Any CPU
		{036595F3-71D2-4945-B945-558FB7ED3CFD}.Release|x86.Build.0 = Release|Any CPU
		{2005E153-ADCF-4208-B982-FC13AEF3D98A}.Debug|Any CPU.ActiveCfg = Debug|Any CPU
		{2005E153-ADCF-4208-B982-FC13AEF3D98A}.Debug|Any CPU.Build.0 = Debug|Any CPU
		{2005E153-ADCF-4208-B982-FC13AEF3D98A}.Debug|ARM64.ActiveCfg = Debug|Any CPU
		{2005E153-ADCF-4208-B982-FC13AEF3D98A}.Debug|ARM64.Build.0 = Debug|Any CPU
		{2005E153-ADCF-4208-B982-FC13AEF3D98A}.Debug|x64.ActiveCfg = Debug|Any CPU
		{2005E153-ADCF-4208-B982-FC13AEF3D98A}.Debug|x64.Build.0 = Debug|Any CPU
		{2005E153-ADCF-4208-B982-FC13AEF3D98A}.Debug|x86.ActiveCfg = Debug|Any CPU
		{2005E153-ADCF-4208-B982-FC13AEF3D98A}.Debug|x86.Build.0 = Debug|Any CPU
		{2005E153-ADCF-4208-B982-FC13AEF3D98A}.Release|Any CPU.ActiveCfg = Release|Any CPU
		{2005E153-ADCF-4208-B982-FC13AEF3D98A}.Release|Any CPU.Build.0 = Release|Any CPU
		{2005E153-ADCF-4208-B982-FC13AEF3D98A}.Release|ARM64.ActiveCfg = Release|Any CPU
		{2005E153-ADCF-4208-B982-FC13AEF3D98A}.Release|ARM64.Build.0 = Release|Any CPU
		{2005E153-ADCF-4208-B982-FC13AEF3D98A}.Release|x64.ActiveCfg = Release|Any CPU
		{2005E153-ADCF-4208-B982-FC13AEF3D98A}.Release|x64.Build.0 = Release|Any CPU
		{2005E153-ADCF-4208-B982-FC13AEF3D98A}.Release|x86.ActiveCfg = Release|Any CPU
		{2005E153-ADCF-4208-B982-FC13AEF3D98A}.Release|x86.Build.0 = Release|Any CPU
		{DEF9C8A2-68E7-4390-BD2C-05C4CE451893}.Debug|Any CPU.ActiveCfg = Debug|Any CPU
		{DEF9C8A2-68E7-4390-BD2C-05C4CE451893}.Debug|Any CPU.Build.0 = Debug|Any CPU
		{DEF9C8A2-68E7-4390-BD2C-05C4CE451893}.Debug|ARM64.ActiveCfg = Debug|Any CPU
		{DEF9C8A2-68E7-4390-BD2C-05C4CE451893}.Debug|ARM64.Build.0 = Debug|Any CPU
		{DEF9C8A2-68E7-4390-BD2C-05C4CE451893}.Debug|x64.ActiveCfg = Debug|Any CPU
		{DEF9C8A2-68E7-4390-BD2C-05C4CE451893}.Debug|x64.Build.0 = Debug|Any CPU
		{DEF9C8A2-68E7-4390-BD2C-05C4CE451893}.Debug|x86.ActiveCfg = Debug|Any CPU
		{DEF9C8A2-68E7-4390-BD2C-05C4CE451893}.Debug|x86.Build.0 = Debug|Any CPU
		{DEF9C8A2-68E7-4390-BD2C-05C4CE451893}.Release|Any CPU.ActiveCfg = Release|Any CPU
		{DEF9C8A2-68E7-4390-BD2C-05C4CE451893}.Release|Any CPU.Build.0 = Release|Any CPU
		{DEF9C8A2-68E7-4390-BD2C-05C4CE451893}.Release|ARM64.ActiveCfg = Release|Any CPU
		{DEF9C8A2-68E7-4390-BD2C-05C4CE451893}.Release|ARM64.Build.0 = Release|Any CPU
		{DEF9C8A2-68E7-4390-BD2C-05C4CE451893}.Release|x64.ActiveCfg = Release|Any CPU
		{DEF9C8A2-68E7-4390-BD2C-05C4CE451893}.Release|x64.Build.0 = Release|Any CPU
		{DEF9C8A2-68E7-4390-BD2C-05C4CE451893}.Release|x86.ActiveCfg = Release|Any CPU
		{DEF9C8A2-68E7-4390-BD2C-05C4CE451893}.Release|x86.Build.0 = Release|Any CPU
		{4DDC1DBA-1E1C-41EB-93AF-2498983A9A95}.Debug|Any CPU.ActiveCfg = Debug|Any CPU
		{4DDC1DBA-1E1C-41EB-93AF-2498983A9A95}.Debug|Any CPU.Build.0 = Debug|Any CPU
		{4DDC1DBA-1E1C-41EB-93AF-2498983A9A95}.Debug|ARM64.ActiveCfg = Debug|Any CPU
		{4DDC1DBA-1E1C-41EB-93AF-2498983A9A95}.Debug|ARM64.Build.0 = Debug|Any CPU
		{4DDC1DBA-1E1C-41EB-93AF-2498983A9A95}.Debug|x64.ActiveCfg = Debug|Any CPU
		{4DDC1DBA-1E1C-41EB-93AF-2498983A9A95}.Debug|x64.Build.0 = Debug|Any CPU
		{4DDC1DBA-1E1C-41EB-93AF-2498983A9A95}.Debug|x86.ActiveCfg = Debug|Any CPU
		{4DDC1DBA-1E1C-41EB-93AF-2498983A9A95}.Debug|x86.Build.0 = Debug|Any CPU
		{4DDC1DBA-1E1C-41EB-93AF-2498983A9A95}.Release|Any CPU.ActiveCfg = Release|Any CPU
		{4DDC1DBA-1E1C-41EB-93AF-2498983A9A95}.Release|Any CPU.Build.0 = Release|Any CPU
		{4DDC1DBA-1E1C-41EB-93AF-2498983A9A95}.Release|ARM64.ActiveCfg = Release|Any CPU
		{4DDC1DBA-1E1C-41EB-93AF-2498983A9A95}.Release|ARM64.Build.0 = Release|Any CPU
		{4DDC1DBA-1E1C-41EB-93AF-2498983A9A95}.Release|x64.ActiveCfg = Release|Any CPU
		{4DDC1DBA-1E1C-41EB-93AF-2498983A9A95}.Release|x64.Build.0 = Release|Any CPU
		{4DDC1DBA-1E1C-41EB-93AF-2498983A9A95}.Release|x86.ActiveCfg = Release|Any CPU
		{4DDC1DBA-1E1C-41EB-93AF-2498983A9A95}.Release|x86.Build.0 = Release|Any CPU
		{18146FE3-3F01-476E-81F1-99809B226429}.Debug|Any CPU.ActiveCfg = Debug|Any CPU
		{18146FE3-3F01-476E-81F1-99809B226429}.Debug|Any CPU.Build.0 = Debug|Any CPU
		{18146FE3-3F01-476E-81F1-99809B226429}.Debug|ARM64.ActiveCfg = Debug|Any CPU
		{18146FE3-3F01-476E-81F1-99809B226429}.Debug|ARM64.Build.0 = Debug|Any CPU
		{18146FE3-3F01-476E-81F1-99809B226429}.Debug|x64.ActiveCfg = Debug|Any CPU
		{18146FE3-3F01-476E-81F1-99809B226429}.Debug|x64.Build.0 = Debug|Any CPU
		{18146FE3-3F01-476E-81F1-99809B226429}.Debug|x86.ActiveCfg = Debug|Any CPU
		{18146FE3-3F01-476E-81F1-99809B226429}.Debug|x86.Build.0 = Debug|Any CPU
		{18146FE3-3F01-476E-81F1-99809B226429}.Release|Any CPU.ActiveCfg = Release|Any CPU
		{18146FE3-3F01-476E-81F1-99809B226429}.Release|Any CPU.Build.0 = Release|Any CPU
		{18146FE3-3F01-476E-81F1-99809B226429}.Release|ARM64.ActiveCfg = Release|Any CPU
		{18146FE3-3F01-476E-81F1-99809B226429}.Release|ARM64.Build.0 = Release|Any CPU
		{18146FE3-3F01-476E-81F1-99809B226429}.Release|x64.ActiveCfg = Release|Any CPU
		{18146FE3-3F01-476E-81F1-99809B226429}.Release|x64.Build.0 = Release|Any CPU
		{18146FE3-3F01-476E-81F1-99809B226429}.Release|x86.ActiveCfg = Release|Any CPU
		{18146FE3-3F01-476E-81F1-99809B226429}.Release|x86.Build.0 = Release|Any CPU
	EndGlobalSection
	GlobalSection(SolutionProperties) = preSolution
		HideSolutionNode = FALSE
	EndGlobalSection
	GlobalSection(ExtensibilityGlobals) = postSolution
		SolutionGuid = {3BDD0797-E82A-4FED-8E33-A13858531BA1}
	EndGlobalSection
EndGlobal
